
Microsoft Visual Studio Solution File, Format Version 12.00
# Visual Studio Version 17
VisualStudioVersion = 17.0.31912.275
MinimumVisualStudioVersion = 10.0.40219.1
Project("{9A19103F-16F7-4668-BE54-9A1E7A4F7556}") = "Auto.Website", "Auto.Website\Auto.Website.csproj", "{BA806410-F779-461A-B4F1-D97D7289FB5B}"
EndProject
Project("{9A19103F-16F7-4668-BE54-9A1E7A4F7556}") = "Auto.Data", "Auto.Data\Auto.Data.csproj", "{8B6C8131-EBC3-4DE2-8CE6-707484BA1BAE}"
EndProject
Project("{FAE04EC0-301F-11D3-BF4B-00C04F79EFBC}") = "Auto.AuditLog", "Auto.AuditLog\Auto.AuditLog.csproj", "{E502E8F5-8C21-4135-A243-19B4AA993AD9}"
EndProject
Project("{FAE04EC0-301F-11D3-BF4B-00C04F79EFBC}") = "Auto.Messages", "Auto.Messages\Auto.Messages.csproj", "{8EEA406A-FF0D-49C4-9628-BC428C9D866F}"
EndProject
Project("{FAE04EC0-301F-11D3-BF4B-00C04F79EFBC}") = "Auto.PricingEngine", "Auto.PricingEngine\Auto.PricingEngine.csproj", "{969DC418-349B-4DE5-B38F-129E81565ECA}"
EndProject
Project("{FAE04EC0-301F-11D3-BF4B-00C04F79EFBC}") = "Auto.PricingClient", "Auto.PricingClient\Auto.PricingClient.csproj", "{0F951431-BB61-4D4B-9FA0-7C2B1EC04D70}"
EndProject
Project("{FAE04EC0-301F-11D3-BF4B-00C04F79EFBC}") = "Auto.OwnersEngine", "Auto.OwnersEngine\Auto.OwnersEngine.csproj", "{D1C17785-547D-4C1E-8F64-5B5A2BD1462F}"
EndProject
Project("{FAE04EC0-301F-11D3-BF4B-00C04F79EFBC}") = "Auto.OwnersClient", "Auto.OwnersClient\Auto.OwnersClient.csproj", "{3CE49C3B-E7DF-443C-B8A6-AF23726A7A22}"
EndProject
Global
	GlobalSection(SolutionConfigurationPlatforms) = preSolution
		Debug|Any CPU = Debug|Any CPU
		Debug|x64 = Debug|x64
		Debug|x86 = Debug|x86
		Release|Any CPU = Release|Any CPU
		Release|x64 = Release|x64
		Release|x86 = Release|x86
	EndGlobalSection
	GlobalSection(ProjectConfigurationPlatforms) = postSolution
		{BA806410-F779-461A-B4F1-D97D7289FB5B}.Debug|Any CPU.ActiveCfg = Debug|Any CPU
		{BA806410-F779-461A-B4F1-D97D7289FB5B}.Debug|Any CPU.Build.0 = Debug|Any CPU
		{BA806410-F779-461A-B4F1-D97D7289FB5B}.Debug|x64.ActiveCfg = Debug|Any CPU
		{BA806410-F779-461A-B4F1-D97D7289FB5B}.Debug|x64.Build.0 = Debug|Any CPU
		{BA806410-F779-461A-B4F1-D97D7289FB5B}.Debug|x86.ActiveCfg = Debug|Any CPU
		{BA806410-F779-461A-B4F1-D97D7289FB5B}.Debug|x86.Build.0 = Debug|Any CPU
		{BA806410-F779-461A-B4F1-D97D7289FB5B}.Release|Any CPU.ActiveCfg = Release|Any CPU
		{BA806410-F779-461A-B4F1-D97D7289FB5B}.Release|Any CPU.Build.0 = Release|Any CPU
		{BA806410-F779-461A-B4F1-D97D7289FB5B}.Release|x64.ActiveCfg = Release|Any CPU
		{BA806410-F779-461A-B4F1-D97D7289FB5B}.Release|x64.Build.0 = Release|Any CPU
		{BA806410-F779-461A-B4F1-D97D7289FB5B}.Release|x86.ActiveCfg = Release|Any CPU
		{BA806410-F779-461A-B4F1-D97D7289FB5B}.Release|x86.Build.0 = Release|Any CPU
		{8B6C8131-EBC3-4DE2-8CE6-707484BA1BAE}.Debug|Any CPU.ActiveCfg = Debug|Any CPU
		{8B6C8131-EBC3-4DE2-8CE6-707484BA1BAE}.Debug|Any CPU.Build.0 = Debug|Any CPU
		{8B6C8131-EBC3-4DE2-8CE6-707484BA1BAE}.Debug|x64.ActiveCfg = Debug|Any CPU
		{8B6C8131-EBC3-4DE2-8CE6-707484BA1BAE}.Debug|x64.Build.0 = Debug|Any CPU
		{8B6C8131-EBC3-4DE2-8CE6-707484BA1BAE}.Debug|x86.ActiveCfg = Debug|Any CPU
		{8B6C8131-EBC3-4DE2-8CE6-707484BA1BAE}.Debug|x86.Build.0 = Debug|Any CPU
		{8B6C8131-EBC3-4DE2-8CE6-707484BA1BAE}.Release|Any CPU.ActiveCfg = Release|Any CPU
		{8B6C8131-EBC3-4DE2-8CE6-707484BA1BAE}.Release|Any CPU.Build.0 = Release|Any CPU
		{8B6C8131-EBC3-4DE2-8CE6-707484BA1BAE}.Release|x64.ActiveCfg = Release|Any CPU
		{8B6C8131-EBC3-4DE2-8CE6-707484BA1BAE}.Release|x64.Build.0 = Release|Any CPU
		{8B6C8131-EBC3-4DE2-8CE6-707484BA1BAE}.Release|x86.ActiveCfg = Release|Any CPU
		{8B6C8131-EBC3-4DE2-8CE6-707484BA1BAE}.Release|x86.Build.0 = Release|Any CPU
		{E502E8F5-8C21-4135-A243-19B4AA993AD9}.Debug|Any CPU.ActiveCfg = Debug|Any CPU
		{E502E8F5-8C21-4135-A243-19B4AA993AD9}.Debug|Any CPU.Build.0 = Debug|Any CPU
		{E502E8F5-8C21-4135-A243-19B4AA993AD9}.Debug|x64.ActiveCfg = Debug|Any CPU
		{E502E8F5-8C21-4135-A243-19B4AA993AD9}.Debug|x64.Build.0 = Debug|Any CPU
		{E502E8F5-8C21-4135-A243-19B4AA993AD9}.Debug|x86.ActiveCfg = Debug|Any CPU
		{E502E8F5-8C21-4135-A243-19B4AA993AD9}.Debug|x86.Build.0 = Debug|Any CPU
		{E502E8F5-8C21-4135-A243-19B4AA993AD9}.Release|Any CPU.ActiveCfg = Release|Any CPU
		{E502E8F5-8C21-4135-A243-19B4AA993AD9}.Release|Any CPU.Build.0 = Release|Any CPU
		{E502E8F5-8C21-4135-A243-19B4AA993AD9}.Release|x64.ActiveCfg = Release|Any CPU
		{E502E8F5-8C21-4135-A243-19B4AA993AD9}.Release|x64.Build.0 = Release|Any CPU
		{E502E8F5-8C21-4135-A243-19B4AA993AD9}.Release|x86.ActiveCfg = Release|Any CPU
		{E502E8F5-8C21-4135-A243-19B4AA993AD9}.Release|x86.Build.0 = Release|Any CPU
		{8EEA406A-FF0D-49C4-9628-BC428C9D866F}.Debug|Any CPU.ActiveCfg = Debug|Any CPU
		{8EEA406A-FF0D-49C4-9628-BC428C9D866F}.Debug|Any CPU.Build.0 = Debug|Any CPU
		{8EEA406A-FF0D-49C4-9628-BC428C9D866F}.Debug|x64.ActiveCfg = Debug|Any CPU
		{8EEA406A-FF0D-49C4-9628-BC428C9D866F}.Debug|x64.Build.0 = Debug|Any CPU
		{8EEA406A-FF0D-49C4-9628-BC428C9D866F}.Debug|x86.ActiveCfg = Debug|Any CPU
		{8EEA406A-FF0D-49C4-9628-BC428C9D866F}.Debug|x86.Build.0 = Debug|Any CPU
		{8EEA406A-FF0D-49C4-9628-BC428C9D866F}.Release|Any CPU.ActiveCfg = Release|Any CPU
		{8EEA406A-FF0D-49C4-9628-BC428C9D866F}.Release|Any CPU.Build.0 = Release|Any CPU
		{8EEA406A-FF0D-49C4-9628-BC428C9D866F}.Release|x64.ActiveCfg = Release|Any CPU
		{8EEA406A-FF0D-49C4-9628-BC428C9D866F}.Release|x64.Build.0 = Release|Any CPU
		{8EEA406A-FF0D-49C4-9628-BC428C9D866F}.Release|x86.ActiveCfg = Release|Any CPU
		{8EEA406A-FF0D-49C4-9628-BC428C9D866F}.Release|x86.Build.0 = Release|Any CPU
		{969DC418-349B-4DE5-B38F-129E81565ECA}.Debug|Any CPU.ActiveCfg = Debug|Any CPU
		{969DC418-349B-4DE5-B38F-129E81565ECA}.Debug|Any CPU.Build.0 = Debug|Any CPU
		{969DC418-349B-4DE5-B38F-129E81565ECA}.Debug|x64.ActiveCfg = Debug|Any CPU
		{969DC418-349B-4DE5-B38F-129E81565ECA}.Debug|x64.Build.0 = Debug|Any CPU
		{969DC418-349B-4DE5-B38F-129E81565ECA}.Debug|x86.ActiveCfg = Debug|Any CPU
		{969DC418-349B-4DE5-B38F-129E81565ECA}.Debug|x86.Build.0 = Debug|Any CPU
		{969DC418-349B-4DE5-B38F-129E81565ECA}.Release|Any CPU.ActiveCfg = Release|Any CPU
		{969DC418-349B-4DE5-B38F-129E81565ECA}.Release|Any CPU.Build.0 = Release|Any CPU
		{969DC418-349B-4DE5-B38F-129E81565ECA}.Release|x64.ActiveCfg = Release|Any CPU
		{969DC418-349B-4DE5-B38F-129E81565ECA}.Release|x64.Build.0 = Release|Any CPU
		{969DC418-349B-4DE5-B38F-129E81565ECA}.Release|x86.ActiveCfg = Release|Any CPU
		{969DC418-349B-4DE5-B38F-129E81565ECA}.Release|x86.Build.0 = Release|Any CPU
		{0F951431-BB61-4D4B-9FA0-7C2B1EC04D70}.Debug|Any CPU.ActiveCfg = Debug|Any CPU
		{0F951431-BB61-4D4B-9FA0-7C2B1EC04D70}.Debug|Any CPU.Build.0 = Debug|Any CPU
		{0F951431-BB61-4D4B-9FA0-7C2B1EC04D70}.Debug|x64.ActiveCfg = Debug|Any CPU
		{0F951431-BB61-4D4B-9FA0-7C2B1EC04D70}.Debug|x64.Build.0 = Debug|Any CPU
		{0F951431-BB61-4D4B-9FA0-7C2B1EC04D70}.Debug|x86.ActiveCfg = Debug|Any CPU
		{0F951431-BB61-4D4B-9FA0-7C2B1EC04D70}.Debug|x86.Build.0 = Debug|Any CPU
		{0F951431-BB61-4D4B-9FA0-7C2B1EC04D70}.Release|Any CPU.ActiveCfg = Release|Any CPU
		{0F951431-BB61-4D4B-9FA0-7C2B1EC04D70}.Release|Any CPU.Build.0 = Release|Any CPU
		{0F951431-BB61-4D4B-9FA0-7C2B1EC04D70}.Release|x64.ActiveCfg = Release|Any CPU
		{0F951431-BB61-4D4B-9FA0-7C2B1EC04D70}.Release|x64.Build.0 = Release|Any CPU
		{0F951431-BB61-4D4B-9FA0-7C2B1EC04D70}.Release|x86.ActiveCfg = Release|Any CPU
		{0F951431-BB61-4D4B-9FA0-7C2B1EC04D70}.Release|x86.Build.0 = Release|Any CPU
		{D1C17785-547D-4C1E-8F64-5B5A2BD1462F}.Debug|Any CPU.ActiveCfg = Debug|Any CPU
		{D1C17785-547D-4C1E-8F64-5B5A2BD1462F}.Debug|Any CPU.Build.0 = Debug|Any CPU
		{D1C17785-547D-4C1E-8F64-5B5A2BD1462F}.Debug|x64.ActiveCfg = Debug|Any CPU
		{D1C17785-547D-4C1E-8F64-5B5A2BD1462F}.Debug|x64.Build.0 = Debug|Any CPU
		{D1C17785-547D-4C1E-8F64-5B5A2BD1462F}.Debug|x86.ActiveCfg = Debug|Any CPU
		{D1C17785-547D-4C1E-8F64-5B5A2BD1462F}.Debug|x86.Build.0 = Debug|Any CPU
		{D1C17785-547D-4C1E-8F64-5B5A2BD1462F}.Release|Any CPU.ActiveCfg = Release|Any CPU
		{D1C17785-547D-4C1E-8F64-5B5A2BD1462F}.Release|Any CPU.Build.0 = Release|Any CPU
		{D1C17785-547D-4C1E-8F64-5B5A2BD1462F}.Release|x64.ActiveCfg = Release|Any CPU
		{D1C17785-547D-4C1E-8F64-5B5A2BD1462F}.Release|x64.Build.0 = Release|Any CPU
		{D1C17785-547D-4C1E-8F64-5B5A2BD1462F}.Release|x86.ActiveCfg = Release|Any CPU
		{D1C17785-547D-4C1E-8F64-5B5A2BD1462F}.Release|x86.Build.0 = Release|Any CPU
		{3CE49C3B-E7DF-443C-B8A6-AF23726A7A22}.Debug|Any CPU.ActiveCfg = Debug|Any CPU
		{3CE49C3B-E7DF-443C-B8A6-AF23726A7A22}.Debug|Any CPU.Build.0 = Debug|Any CPU
		{3CE49C3B-E7DF-443C-B8A6-AF23726A7A22}.Debug|x64.ActiveCfg = Debug|Any CPU
		{3CE49C3B-E7DF-443C-B8A6-AF23726A7A22}.Debug|x64.Build.0 = Debug|Any CPU
		{3CE49C3B-E7DF-443C-B8A6-AF23726A7A22}.Debug|x86.ActiveCfg = Debug|Any CPU
		{3CE49C3B-E7DF-443C-B8A6-AF23726A7A22}.Debug|x86.Build.0 = Debug|Any CPU
		{3CE49C3B-E7DF-443C-B8A6-AF23726A7A22}.Release|Any CPU.ActiveCfg = Release|Any CPU
		{3CE49C3B-E7DF-443C-B8A6-AF23726A7A22}.Release|Any CPU.Build.0 = Release|Any CPU
		{3CE49C3B-E7DF-443C-B8A6-AF23726A7A22}.Release|x64.ActiveCfg = Release|Any CPU
		{3CE49C3B-E7DF-443C-B8A6-AF23726A7A22}.Release|x64.Build.0 = Release|Any CPU
		{3CE49C3B-E7DF-443C-B8A6-AF23726A7A22}.Release|x86.ActiveCfg = Release|Any CPU
		{3CE49C3B-E7DF-443C-B8A6-AF23726A7A22}.Release|x86.Build.0 = Release|Any CPU
	EndGlobalSection
	GlobalSection(SolutionProperties) = preSolution
		HideSolutionNode = FALSE
	EndGlobalSection
	GlobalSection(ExtensibilityGlobals) = postSolution
		SolutionGuid = {814780BF-5A46-426C-B53C-35F53BBBD9D3}
	EndGlobalSection
EndGlobal
